
Microsoft Visual Studio Solution File, Format Version 12.00
# Visual Studio 15
VisualStudioVersion = 15.0.28307.421
MinimumVisualStudioVersion = 10.0.40219.1
Project("{FAE04EC0-301F-11D3-BF4B-00C04F79EFBC}") = "chat_client_wpf", "chat_client_wpf\chat_client_wpf.csproj", "{15DA1421-691D-4DB6-872D-5D8F5D1738C7}"
EndProject
Project("{FAE04EC0-301F-11D3-BF4B-00C04F79EFBC}") = "AsymetricEncrypt", "AsymetricEncrypt\AsymetricEncrypt.csproj", "{8A8316D0-EE75-426D-AC6A-31BEF1E453D3}"
EndProject
Global
	GlobalSection(SolutionConfigurationPlatforms) = preSolution
		Debug|Any CPU = Debug|Any CPU
		Release|Any CPU = Release|Any CPU
	EndGlobalSection
	GlobalSection(ProjectConfigurationPlatforms) = postSolution
		{15DA1421-691D-4DB6-872D-5D8F5D1738C7}.Debug|Any CPU.ActiveCfg = Debug|Any CPU
		{15DA1421-691D-4DB6-872D-5D8F5D1738C7}.Debug|Any CPU.Build.0 = Debug|Any CPU
		{15DA1421-691D-4DB6-872D-5D8F5D1738C7}.Release|Any CPU.ActiveCfg = Release|Any CPU
		{15DA1421-691D-4DB6-872D-5D8F5D1738C7}.Release|Any CPU.Build.0 = Release|Any CPU
		{8A8316D0-EE75-426D-AC6A-31BEF1E453D3}.Debug|Any CPU.ActiveCfg = Debug|Any CPU
		{8A8316D0-EE75-426D-AC6A-31BEF1E453D3}.Debug|Any CPU.Build.0 = Debug|Any CPU
		{8A8316D0-EE75-426D-AC6A-31BEF1E453D3}.Release|Any CPU.ActiveCfg = Release|Any CPU
		{8A8316D0-EE75-426D-AC6A-31BEF1E453D3}.Release|Any CPU.Build.0 = Release|Any CPU
	EndGlobalSection
	GlobalSection(SolutionProperties) = preSolution
		HideSolutionNode = FALSE
	EndGlobalSection
	GlobalSection(ExtensibilityGlobals) = postSolution
		SolutionGuid = {AC7E0FC8-B50F-4FA0-BBF9-BB3BACDB1F58}
	EndGlobalSection
EndGlobal
